
Microsoft Visual Studio Solution File, Format Version 12.00
# Visual Studio Version 16
VisualStudioVersion = 25.0.1703.6
MinimumVisualStudioVersion = 10.0.40219.1
Project("{FAE04EC0-301F-11D3-BF4B-00C04F79EFBC}") = "FinalFinalProject", "FinalFinalProject\FinalFinalProject.csproj", "{1DF0D6E4-6F0C-4829-9619-256DFF07AB8F}"
EndProject
Global
	GlobalSection(SolutionConfigurationPlatforms) = preSolution
		Debug|Any CPU = Debug|Any CPU
		Release|Any CPU = Release|Any CPU
	EndGlobalSection
	GlobalSection(ProjectConfigurationPlatforms) = postSolution
		{1DF0D6E4-6F0C-4829-9619-256DFF07AB8F}.Debug|Any CPU.ActiveCfg = Debug|Any CPU
		{1DF0D6E4-6F0C-4829-9619-256DFF07AB8F}.Debug|Any CPU.Build.0 = Debug|Any CPU
		{1DF0D6E4-6F0C-4829-9619-256DFF07AB8F}.Release|Any CPU.ActiveCfg = Release|Any CPU
		{1DF0D6E4-6F0C-4829-9619-256DFF07AB8F}.Release|Any CPU.Build.0 = Release|Any CPU
	EndGlobalSection
	GlobalSection(SolutionProperties) = preSolution
		HideSolutionNode = FALSE
	EndGlobalSection
	GlobalSection(ExtensibilityGlobals) = postSolution
		SolutionGuid = {F5C56AFD-CBB8-445B-8A0B-EB87E9EDECF3}
	EndGlobalSection
EndGlobal
